
Microsoft Visual Studio Solution File, Format Version 12.00
# Visual Studio Version 16
VisualStudioVersion = 16.0.31005.135
MinimumVisualStudioVersion = 10.0.40219.1
Project("{FAE04EC0-301F-11D3-BF4B-00C04F79EFBC}") = "SenderFile", "SenderFile.csproj", "{7100BC4A-300F-44ED-9CD0-E7BA01B77A26}"
EndProject
Project("{FAE04EC0-301F-11D3-BF4B-00C04F79EFBC}") = "Setup", "..\Setup\Setup.csproj", "{60368613-BF81-4AA6-AD07-8EE0A5B0BA31}"
EndProject
Global
	GlobalSection(SolutionConfigurationPlatforms) = preSolution
		Debug|Any CPU = Debug|Any CPU
		Release|Any CPU = Release|Any CPU
	EndGlobalSection
	GlobalSection(ProjectConfigurationPlatforms) = postSolution
		{7100BC4A-300F-44ED-9CD0-E7BA01B77A26}.Debug|Any CPU.ActiveCfg = Debug|Any CPU
		{7100BC4A-300F-44ED-9CD0-E7BA01B77A26}.Debug|Any CPU.Build.0 = Debug|Any CPU
		{7100BC4A-300F-44ED-9CD0-E7BA01B77A26}.Release|Any CPU.ActiveCfg = Release|Any CPU
		{7100BC4A-300F-44ED-9CD0-E7BA01B77A26}.Release|Any CPU.Build.0 = Release|Any CPU
		{60368613-BF81-4AA6-AD07-8EE0A5B0BA31}.Debug|Any CPU.ActiveCfg = Debug|Any CPU
		{60368613-BF81-4AA6-AD07-8EE0A5B0BA31}.Debug|Any CPU.Build.0 = Debug|Any CPU
		{60368613-BF81-4AA6-AD07-8EE0A5B0BA31}.Release|Any CPU.ActiveCfg = Release|Any CPU
		{60368613-BF81-4AA6-AD07-8EE0A5B0BA31}.Release|Any CPU.Build.0 = Release|Any CPU
	EndGlobalSection
	GlobalSection(SolutionProperties) = preSolution
		HideSolutionNode = FALSE
	EndGlobalSection
	GlobalSection(ExtensibilityGlobals) = postSolution
		SolutionGuid = {FA2A0171-1C28-4BC5-9067-3FAB7683932B}
	EndGlobalSection
EndGlobal
